
Microsoft Visual Studio Solution File, Format Version 12.00
# Visual Studio Version 16
VisualStudioVersion = 16.0.29503.13
MinimumVisualStudioVersion = 10.0.40219.1
Project("{9A19103F-16F7-4668-BE54-9A1E7A4F7556}") = "WarZoneWebApp", "WarZoneWebApp\WarZoneWebApp.csproj", "{A5E727FA-89D1-4E87-AB8B-3B89151B32FF}"
EndProject
Project("{9A19103F-16F7-4668-BE54-9A1E7A4F7556}") = "Model", "Model\Model.csproj", "{A7596674-D173-49E1-BFEC-AD9EF3B7F4F0}"
EndProject
Project("{FAE04EC0-301F-11D3-BF4B-00C04F79EFBC}") = "Helpers", "Helpers\Helpers.csproj", "{5174B28D-DB9E-462D-BDB3-2F8DBE10DC79}"
EndProject
Project("{FAE04EC0-301F-11D3-BF4B-00C04F79EFBC}") = "Logic", "Logic\Logic.csproj", "{545F630E-AA8E-4C3A-A441-D31D66EB426E}"
EndProject
Global
	GlobalSection(SolutionConfigurationPlatforms) = preSolution
		Debug|Any CPU = Debug|Any CPU
		Release|Any CPU = Release|Any CPU
	EndGlobalSection
	GlobalSection(ProjectConfigurationPlatforms) = postSolution
		{A5E727FA-89D1-4E87-AB8B-3B89151B32FF}.Debug|Any CPU.ActiveCfg = Debug|Any CPU
		{A5E727FA-89D1-4E87-AB8B-3B89151B32FF}.Debug|Any CPU.Build.0 = Debug|Any CPU
		{A5E727FA-89D1-4E87-AB8B-3B89151B32FF}.Release|Any CPU.ActiveCfg = Release|Any CPU
		{A5E727FA-89D1-4E87-AB8B-3B89151B32FF}.Release|Any CPU.Build.0 = Release|Any CPU
		{A7596674-D173-49E1-BFEC-AD9EF3B7F4F0}.Debug|Any CPU.ActiveCfg = Debug|Any CPU
		{A7596674-D173-49E1-BFEC-AD9EF3B7F4F0}.Debug|Any CPU.Build.0 = Debug|Any CPU
		{A7596674-D173-49E1-BFEC-AD9EF3B7F4F0}.Release|Any CPU.ActiveCfg = Release|Any CPU
		{A7596674-D173-49E1-BFEC-AD9EF3B7F4F0}.Release|Any CPU.Build.0 = Release|Any CPU
		{5174B28D-DB9E-462D-BDB3-2F8DBE10DC79}.Debug|Any CPU.ActiveCfg = Debug|Any CPU
		{5174B28D-DB9E-462D-BDB3-2F8DBE10DC79}.Debug|Any CPU.Build.0 = Debug|Any CPU
		{5174B28D-DB9E-462D-BDB3-2F8DBE10DC79}.Release|Any CPU.ActiveCfg = Release|Any CPU
		{5174B28D-DB9E-462D-BDB3-2F8DBE10DC79}.Release|Any CPU.Build.0 = Release|Any CPU
		{545F630E-AA8E-4C3A-A441-D31D66EB426E}.Debug|Any CPU.ActiveCfg = Debug|Any CPU
		{545F630E-AA8E-4C3A-A441-D31D66EB426E}.Debug|Any CPU.Build.0 = Debug|Any CPU
		{545F630E-AA8E-4C3A-A441-D31D66EB426E}.Release|Any CPU.ActiveCfg = Release|Any CPU
		{545F630E-AA8E-4C3A-A441-D31D66EB426E}.Release|Any CPU.Build.0 = Release|Any CPU
	EndGlobalSection
	GlobalSection(SolutionProperties) = preSolution
		HideSolutionNode = FALSE
	EndGlobalSection
	GlobalSection(ExtensibilityGlobals) = postSolution
		SolutionGuid = {3265187D-C79F-48DF-92DD-9E882322F1F6}
	EndGlobalSection
EndGlobal
